
Microsoft Visual Studio Solution File, Format Version 12.00
# Visual Studio 14
VisualStudioVersion = 14.0.25123.0
MinimumVisualStudioVersion = 10.0.40219.1
Project("{FAE04EC0-301F-11D3-BF4B-00C04F79EFBC}") = "AdapterPattern", "AdapterPattern\AdapterPattern.csproj", "{30CA702D-4753-48C9-8C83-9C87DC3BC683}"
EndProject
Project("{FAE04EC0-301F-11D3-BF4B-00C04F79EFBC}") = "CommandPattern", "CommandPattern\CommandPattern.csproj", "{6356A807-90D5-49AA-A905-8565A52A790F}"
EndProject
Global
	GlobalSection(SolutionConfigurationPlatforms) = preSolution
		Debug|Any CPU = Debug|Any CPU
		Release|Any CPU = Release|Any CPU
	EndGlobalSection
	GlobalSection(ProjectConfigurationPlatforms) = postSolution
		{30CA702D-4753-48C9-8C83-9C87DC3BC683}.Debug|Any CPU.ActiveCfg = Debug|Any CPU
		{30CA702D-4753-48C9-8C83-9C87DC3BC683}.Debug|Any CPU.Build.0 = Debug|Any CPU
		{30CA702D-4753-48C9-8C83-9C87DC3BC683}.Release|Any CPU.ActiveCfg = Release|Any CPU
		{30CA702D-4753-48C9-8C83-9C87DC3BC683}.Release|Any CPU.Build.0 = Release|Any CPU
		{6356A807-90D5-49AA-A905-8565A52A790F}.Debug|Any CPU.ActiveCfg = Debug|Any CPU
		{6356A807-90D5-49AA-A905-8565A52A790F}.Debug|Any CPU.Build.0 = Debug|Any CPU
		{6356A807-90D5-49AA-A905-8565A52A790F}.Release|Any CPU.ActiveCfg = Release|Any CPU
		{6356A807-90D5-49AA-A905-8565A52A790F}.Release|Any CPU.Build.0 = Release|Any CPU
	EndGlobalSection
	GlobalSection(SolutionProperties) = preSolution
		HideSolutionNode = FALSE
	EndGlobalSection
EndGlobal
